
Microsoft Visual Studio Solution File, Format Version 12.00
# Visual Studio Version 16
VisualStudioVersion = 16.0.30517.126
MinimumVisualStudioVersion = 10.0.40219.1
Project("{FAE04EC0-301F-11D3-BF4B-00C04F79EFBC}") = "W3_PartyInviteExample", "W3_PartyInviteExample\W3_PartyInviteExample.csproj", "{F8515D3F-537B-41A5-9191-2A2BEF21B872}"
EndProject
Global
	GlobalSection(SolutionConfigurationPlatforms) = preSolution
		Debug|Any CPU = Debug|Any CPU
		Release|Any CPU = Release|Any CPU
	EndGlobalSection
	GlobalSection(ProjectConfigurationPlatforms) = postSolution
		{F8515D3F-537B-41A5-9191-2A2BEF21B872}.Debug|Any CPU.ActiveCfg = Debug|Any CPU
		{F8515D3F-537B-41A5-9191-2A2BEF21B872}.Debug|Any CPU.Build.0 = Debug|Any CPU
		{F8515D3F-537B-41A5-9191-2A2BEF21B872}.Release|Any CPU.ActiveCfg = Release|Any CPU
		{F8515D3F-537B-41A5-9191-2A2BEF21B872}.Release|Any CPU.Build.0 = Release|Any CPU
	EndGlobalSection
	GlobalSection(SolutionProperties) = preSolution
		HideSolutionNode = FALSE
	EndGlobalSection
	GlobalSection(ExtensibilityGlobals) = postSolution
		SolutionGuid = {39372FE1-DCE2-4110-BBDC-5370099F2508}
	EndGlobalSection
EndGlobal
